// !$*UTF8*$!
{
	archiveVersion = 1;
	classes = {
	};
	objectVersion = 77;
	objects = {

/* Begin PBXBuildFile section */
		E15EE3112D9A5ED400F2E6E1 /* README.md in Resources */ = {isa = PBXBuildFile; fileRef = E15EE3102D9A5ECC00F2E6E1 /* README.md */; };
		E1E6E78E2D95A4D400F48C36 /* Alamofire in Frameworks */ = {isa = PBXBuildFile; productRef = E1E6E78D2D95A4D400F48C36 /* Alamofire */; };
		E1E6E7A32D95A6BC00F48C36 /* RealmSwift in Frameworks */ = {isa = PBXBuildFile; productRef = E1E6E7A22D95A6BC00F48C36 /* RealmSwift */; };
		E1E6E7C22D95CBA900F48C36 /* LeanCloud in Frameworks */ = {isa = PBXBuildFile; productRef = E1E6E7C12D95CBA900F48C36 /* LeanCloud */; };
/* End PBXBuildFile section */

/* Begin PBXContainerItemProxy section */
		E1E6E7682D95A35700F48C36 /* PBXContainerItemProxy */ = {
			isa = PBXContainerItemProxy;
			containerPortal = E1E6E74F2D95A35500F48C36 /* Project object */;
			proxyType = 1;
			remoteGlobalIDString = E1E6E7562D95A35500F48C36;
			remoteInfo = Zdictionary;
		};
		E1E6E7722D95A35700F48C36 /* PBXContainerItemProxy */ = {
			isa = PBXContainerItemProxy;
			containerPortal = E1E6E74F2D95A35500F48C36 /* Project object */;
			proxyType = 1;
			remoteGlobalIDString = E1E6E7562D95A35500F48C36;
			remoteInfo = Zdictionary;
		};
/* End PBXContainerItemProxy section */

/* Begin PBXFileReference section */
		E15EE3102D9A5ECC00F2E6E1 /* README.md */ = {isa = PBXFileReference; lastKnownFileType = net.daringfireball.markdown; path = README.md; sourceTree = "<group>"; };
		E1E6E7572D95A35600F48C36 /* Glancy.app */ = {isa = PBXFileReference; explicitFileType = wrapper.application; includeInIndex = 0; path = Glancy.app; sourceTree = BUILT_PRODUCTS_DIR; };
		E1E6E7672D95A35700F48C36 /* GlancyTests.xctest */ = {isa = PBXFileReference; explicitFileType = wrapper.cfbundle; includeInIndex = 0; path = GlancyTests.xctest; sourceTree = BUILT_PRODUCTS_DIR; };
		E1E6E7712D95A35700F48C36 /* GlancyUITests.xctest */ = {isa = PBXFileReference; explicitFileType = wrapper.cfbundle; includeInIndex = 0; path = GlancyUITests.xctest; sourceTree = BUILT_PRODUCTS_DIR; };
/* End PBXFileReference section */

/* Begin PBXFileSystemSynchronizedRootGroup section */
		E15EE3162D9A608900F2E6E1 /* Docs */ = {
			isa = PBXFileSystemSynchronizedRootGroup;
			path = Docs;
			sourceTree = "<group>";
		};
		E1E6E7592D95A35600F48C36 /* Glancy */ = {
			isa = PBXFileSystemSynchronizedRootGroup;
			path = Glancy;
			sourceTree = "<group>";
		};
		E1E6E76A2D95A35700F48C36 /* GlancyTests */ = {
			isa = PBXFileSystemSynchronizedRootGroup;
			path = GlancyTests;
			sourceTree = "<group>";
		};
		E1E6E7742D95A35700F48C36 /* GlancyUITests */ = {
			isa = PBXFileSystemSynchronizedRootGroup;
			path = GlancyUITests;
			sourceTree = "<group>";
		};
/* End PBXFileSystemSynchronizedRootGroup section */

/* Begin PBXFrameworksBuildPhase section */
		E1E6E7542D95A35500F48C36 /* Frameworks */ = {
			isa = PBXFrameworksBuildPhase;
			buildActionMask = 2147483647;
			files = (
				E1E6E7C22D95CBA900F48C36 /* LeanCloud in Frameworks */,
				E1E6E7A32D95A6BC00F48C36 /* RealmSwift in Frameworks */,
				E1E6E78E2D95A4D400F48C36 /* Alamofire in Frameworks */,
			);
			runOnlyForDeploymentPostprocessing = 0;
		};
		E1E6E7642D95A35700F48C36 /* Frameworks */ = {
			isa = PBXFrameworksBuildPhase;
			buildActionMask = 2147483647;
			files = (
			);
			runOnlyForDeploymentPostprocessing = 0;
		};
		E1E6E76E2D95A35700F48C36 /* Frameworks */ = {
			isa = PBXFrameworksBuildPhase;
			buildActionMask = 2147483647;
			files = (
			);
			runOnlyForDeploymentPostprocessing = 0;
		};
/* End PBXFrameworksBuildPhase section */

/* Begin PBXGroup section */
		E1E6E74E2D95A35500F48C36 = {
			isa = PBXGroup;
			children = (
				E15EE3162D9A608900F2E6E1 /* Docs */,
				E15EE3102D9A5ECC00F2E6E1 /* README.md */,
				E1E6E7592D95A35600F48C36 /* Glancy */,
				E1E6E76A2D95A35700F48C36 /* GlancyTests */,
				E1E6E7742D95A35700F48C36 /* GlancyUITests */,
				E1E6E7582D95A35600F48C36 /* Products */,
			);
			sourceTree = "<group>";
		};
		E1E6E7582D95A35600F48C36 /* Products */ = {
			isa = PBXGroup;
			children = (
				E1E6E7572D95A35600F48C36 /* Glancy.app */,
				E1E6E7672D95A35700F48C36 /* GlancyTests.xctest */,
				E1E6E7712D95A35700F48C36 /* GlancyUITests.xctest */,
			);
			name = Products;
			sourceTree = "<group>";
		};
/* End PBXGroup section */

/* Begin PBXNativeTarget section */
		E1E6E7562D95A35500F48C36 /* Glancy */ = {
			isa = PBXNativeTarget;
			buildConfigurationList = E1E6E77B2D95A35700F48C36 /* Build configuration list for PBXNativeTarget "Glancy" */;
			buildPhases = (
				E1E6E7532D95A35500F48C36 /* Sources */,
				E1E6E7552D95A35500F48C36 /* Resources */,
				E1E6E7542D95A35500F48C36 /* Frameworks */,
			);
			buildRules = (
			);
			dependencies = (
			);
			fileSystemSynchronizedGroups = (
				E15EE3162D9A608900F2E6E1 /* Docs */,
				E1E6E7592D95A35600F48C36 /* Glancy */,
			);
			name = Glancy;
			packageProductDependencies = (
				E1E6E78D2D95A4D400F48C36 /* Alamofire */,
				E1E6E7A22D95A6BC00F48C36 /* RealmSwift */,
				E1E6E7C12D95CBA900F48C36 /* LeanCloud */,
			);
			productName = Zdictionary;
			productReference = E1E6E7572D95A35600F48C36 /* Glancy.app */;
			productType = "com.apple.product-type.application";
		};
		E1E6E7662D95A35700F48C36 /* GlancyTests */ = {
			isa = PBXNativeTarget;
			buildConfigurationList = E1E6E77E2D95A35700F48C36 /* Build configuration list for PBXNativeTarget "GlancyTests" */;
			buildPhases = (
				E1E6E7632D95A35700F48C36 /* Sources */,
				E1E6E7642D95A35700F48C36 /* Frameworks */,
				E1E6E7652D95A35700F48C36 /* Resources */,
			);
			buildRules = (
			);
			dependencies = (
				E1E6E7692D95A35700F48C36 /* PBXTargetDependency */,
			);
			fileSystemSynchronizedGroups = (
				E1E6E76A2D95A35700F48C36 /* GlancyTests */,
			);
			name = GlancyTests;
			packageProductDependencies = (
			);
			productName = ZdictionaryTests;
			productReference = E1E6E7672D95A35700F48C36 /* GlancyTests.xctest */;
			productType = "com.apple.product-type.bundle.unit-test";
		};
		E1E6E7702D95A35700F48C36 /* GlancyUITests */ = {
			isa = PBXNativeTarget;
			buildConfigurationList = E1E6E7812D95A35700F48C36 /* Build configuration list for PBXNativeTarget "GlancyUITests" */;
			buildPhases = (
				E1E6E76D2D95A35700F48C36 /* Sources */,
				E1E6E76E2D95A35700F48C36 /* Frameworks */,
				E1E6E76F2D95A35700F48C36 /* Resources */,
			);
			buildRules = (
			);
			dependencies = (
				E1E6E7732D95A35700F48C36 /* PBXTargetDependency */,
			);
			fileSystemSynchronizedGroups = (
				E1E6E7742D95A35700F48C36 /* GlancyUITests */,
			);
			name = GlancyUITests;
			packageProductDependencies = (
			);
			productName = ZdictionaryUITests;
			productReference = E1E6E7712D95A35700F48C36 /* GlancyUITests.xctest */;
			productType = "com.apple.product-type.bundle.ui-testing";
		};
/* End PBXNativeTarget section */

/* Begin PBXProject section */
		E1E6E74F2D95A35500F48C36 /* Project object */ = {
			isa = PBXProject;
			attributes = {
				BuildIndependentTargetsInParallel = 1;
				LastSwiftUpdateCheck = 1620;
				LastUpgradeCheck = 1620;
				TargetAttributes = {
					E1E6E7562D95A35500F48C36 = {
						CreatedOnToolsVersion = 16.2;
					};
					E1E6E7662D95A35700F48C36 = {
						CreatedOnToolsVersion = 16.2;
						TestTargetID = E1E6E7562D95A35500F48C36;
					};
					E1E6E7702D95A35700F48C36 = {
						CreatedOnToolsVersion = 16.2;
						TestTargetID = E1E6E7562D95A35500F48C36;
					};
				};
			};
			buildConfigurationList = E1E6E7522D95A35500F48C36 /* Build configuration list for PBXProject "Glancy" */;
			developmentRegion = en;
			hasScannedForEncodings = 0;
			knownRegions = (
				en,
				Base,
			);
			mainGroup = E1E6E74E2D95A35500F48C36;
			minimizedProjectReferenceProxies = 1;
			packageReferences = (
				E1E6E78C2D95A4D400F48C36 /* XCRemoteSwiftPackageReference "Alamofire" */,
				E1E6E79F2D95A6BC00F48C36 /* XCRemoteSwiftPackageReference "realm-swift" */,
				E1E6E7C02D95CBA900F48C36 /* XCRemoteSwiftPackageReference "swift-sdk" */,
			);
			preferredProjectObjectVersion = 77;
			productRefGroup = E1E6E7582D95A35600F48C36 /* Products */;
			projectDirPath = "";
			projectRoot = "";
			targets = (
				E1E6E7562D95A35500F48C36 /* Glancy */,
				E1E6E7662D95A35700F48C36 /* GlancyTests */,
				E1E6E7702D95A35700F48C36 /* GlancyUITests */,
			);
		};
/* End PBXProject section */

/* Begin PBXResourcesBuildPhase section */
		E1E6E7552D95A35500F48C36 /* Resources */ = {
			isa = PBXResourcesBuildPhase;
			buildActionMask = 2147483647;
			files = (
				E15EE3112D9A5ED400F2E6E1 /* README.md in Resources */,
			);
			runOnlyForDeploymentPostprocessing = 0;
		};
		E1E6E7652D95A35700F48C36 /* Resources */ = {
			isa = PBXResourcesBuildPhase;
			buildActionMask = 2147483647;
			files = (
			);
			runOnlyForDeploymentPostprocessing = 0;
		};
		E1E6E76F2D95A35700F48C36 /* Resources */ = {
			isa = PBXResourcesBuildPhase;
			buildActionMask = 2147483647;
			files = (
			);
			runOnlyForDeploymentPostprocessing = 0;
		};
/* End PBXResourcesBuildPhase section */

/* Begin PBXSourcesBuildPhase section */
		E1E6E7532D95A35500F48C36 /* Sources */ = {
			isa = PBXSourcesBuildPhase;
			buildActionMask = 2147483647;
			files = (
			);
			runOnlyForDeploymentPostprocessing = 0;
		};
		E1E6E7632D95A35700F48C36 /* Sources */ = {
			isa = PBXSourcesBuildPhase;
			buildActionMask = 2147483647;
			files = (
			);
			runOnlyForDeploymentPostprocessing = 0;
		};
		E1E6E76D2D95A35700F48C36 /* Sources */ = {
			isa = PBXSourcesBuildPhase;
			buildActionMask = 2147483647;
			files = (
			);
			runOnlyForDeploymentPostprocessing = 0;
		};
/* End PBXSourcesBuildPhase section */

/* Begin PBXTargetDependency section */
		E1E6E7692D95A35700F48C36 /* PBXTargetDependency */ = {
			isa = PBXTargetDependency;
			target = E1E6E7562D95A35500F48C36 /* Glancy */;
			targetProxy = E1E6E7682D95A35700F48C36 /* PBXContainerItemProxy */;
		};
		E1E6E7732D95A35700F48C36 /* PBXTargetDependency */ = {
			isa = PBXTargetDependency;
			target = E1E6E7562D95A35500F48C36 /* Glancy */;
			targetProxy = E1E6E7722D95A35700F48C36 /* PBXContainerItemProxy */;
		};
/* End PBXTargetDependency section */

/* Begin XCBuildConfiguration section */
		E1E6E7792D95A35700F48C36 /* Debug */ = {
			isa = XCBuildConfiguration;
			buildSettings = {
				ALWAYS_SEARCH_USER_PATHS = NO;
				ASSETCATALOG_COMPILER_GENERATE_SWIFT_ASSET_SYMBOL_EXTENSIONS = YES;
				CLANG_ANALYZER_NONNULL = YES;
				CLANG_ANALYZER_NUMBER_OBJECT_CONVERSION = YES_AGGRESSIVE;
				CLANG_CXX_LANGUAGE_STANDARD = "gnu++20";
				CLANG_ENABLE_MODULES = YES;
				CLANG_ENABLE_OBJC_ARC = YES;
				CLANG_ENABLE_OBJC_WEAK = YES;
				CLANG_WARN_BLOCK_CAPTURE_AUTORELEASING = YES;
				CLANG_WARN_BOOL_CONVERSION = YES;
				CLANG_WARN_COMMA = YES;
				CLANG_WARN_CONSTANT_CONVERSION = YES;
				CLANG_WARN_DEPRECATED_OBJC_IMPLEMENTATIONS = YES;
				CLANG_WARN_DIRECT_OBJC_ISA_USAGE = YES_ERROR;
				CLANG_WARN_DOCUMENTATION_COMMENTS = YES;
				CLANG_WARN_EMPTY_BODY = YES;
				CLANG_WARN_ENUM_CONVERSION = YES;
				CLANG_WARN_INFINITE_RECURSION = YES;
				CLANG_WARN_INT_CONVERSION = YES;
				CLANG_WARN_NON_LITERAL_NULL_CONVERSION = YES;
				CLANG_WARN_OBJC_IMPLICIT_RETAIN_SELF = YES;
				CLANG_WARN_OBJC_LITERAL_CONVERSION = YES;
				CLANG_WARN_OBJC_ROOT_CLASS = YES_ERROR;
				CLANG_WARN_QUOTED_INCLUDE_IN_FRAMEWORK_HEADER = YES;
				CLANG_WARN_RANGE_LOOP_ANALYSIS = YES;
				CLANG_WARN_STRICT_PROTOTYPES = YES;
				CLANG_WARN_SUSPICIOUS_MOVE = YES;
				CLANG_WARN_UNGUARDED_AVAILABILITY = YES_AGGRESSIVE;
				CLANG_WARN_UNREACHABLE_CODE = YES;
				CLANG_WARN__DUPLICATE_METHOD_MATCH = YES;
				COPY_PHASE_STRIP = NO;
				DEBUG_INFORMATION_FORMAT = dwarf;
				ENABLE_STRICT_OBJC_MSGSEND = YES;
				ENABLE_TESTABILITY = YES;
				ENABLE_USER_SCRIPT_SANDBOXING = YES;
				GCC_C_LANGUAGE_STANDARD = gnu17;
				GCC_DYNAMIC_NO_PIC = NO;
				GCC_NO_COMMON_BLOCKS = YES;
				GCC_OPTIMIZATION_LEVEL = 0;
				GCC_PREPROCESSOR_DEFINITIONS = (
					"DEBUG=1",
					"$(inherited)",
				);
				GCC_WARN_64_TO_32_BIT_CONVERSION = YES;
				GCC_WARN_ABOUT_RETURN_TYPE = YES_ERROR;
				GCC_WARN_UNDECLARED_SELECTOR = YES;
				GCC_WARN_UNINITIALIZED_AUTOS = YES_AGGRESSIVE;
				GCC_WARN_UNUSED_FUNCTION = YES;
				GCC_WARN_UNUSED_VARIABLE = YES;
				IPHONEOS_DEPLOYMENT_TARGET = 18.2;
				LOCALIZATION_PREFERS_STRING_CATALOGS = YES;
				MTL_ENABLE_DEBUG_INFO = INCLUDE_SOURCE;
				MTL_FAST_MATH = YES;
				ONLY_ACTIVE_ARCH = YES;
				SDKROOT = iphoneos;
				SWIFT_ACTIVE_COMPILATION_CONDITIONS = "DEBUG $(inherited)";
				SWIFT_OPTIMIZATION_LEVEL = "-Onone";
			};
			name = Debug;
		};
		E1E6E77A2D95A35700F48C36 /* Release */ = {
			isa = XCBuildConfiguration;
			buildSettings = {
				ALWAYS_SEARCH_USER_PATHS = NO;
				ASSETCATALOG_COMPILER_GENERATE_SWIFT_ASSET_SYMBOL_EXTENSIONS = YES;
				CLANG_ANALYZER_NONNULL = YES;
				CLANG_ANALYZER_NUMBER_OBJECT_CONVERSION = YES_AGGRESSIVE;
				CLANG_CXX_LANGUAGE_STANDARD = "gnu++20";
				CLANG_ENABLE_MODULES = YES;
				CLANG_ENABLE_OBJC_ARC = YES;
				CLANG_ENABLE_OBJC_WEAK = YES;
				CLANG_WARN_BLOCK_CAPTURE_AUTORELEASING = YES;
				CLANG_WARN_BOOL_CONVERSION = YES;
				CLANG_WARN_COMMA = YES;
				CLANG_WARN_CONSTANT_CONVERSION = YES;
				CLANG_WARN_DEPRECATED_OBJC_IMPLEMENTATIONS = YES;
				CLANG_WARN_DIRECT_OBJC_ISA_USAGE = YES_ERROR;
				CLANG_WARN_DOCUMENTATION_COMMENTS = YES;
				CLANG_WARN_EMPTY_BODY = YES;
				CLANG_WARN_ENUM_CONVERSION = YES;
				CLANG_WARN_INFINITE_RECURSION = YES;
				CLANG_WARN_INT_CONVERSION = YES;
				CLANG_WARN_NON_LITERAL_NULL_CONVERSION = YES;
				CLANG_WARN_OBJC_IMPLICIT_RETAIN_SELF = YES;
				CLANG_WARN_OBJC_LITERAL_CONVERSION = YES;
				CLANG_WARN_OBJC_ROOT_CLASS = YES_ERROR;
				CLANG_WARN_QUOTED_INCLUDE_IN_FRAMEWORK_HEADER = YES;
				CLANG_WARN_RANGE_LOOP_ANALYSIS = YES;
				CLANG_WARN_STRICT_PROTOTYPES = YES;
				CLANG_WARN_SUSPICIOUS_MOVE = YES;
				CLANG_WARN_UNGUARDED_AVAILABILITY = YES_AGGRESSIVE;
				CLANG_WARN_UNREACHABLE_CODE = YES;
				CLANG_WARN__DUPLICATE_METHOD_MATCH = YES;
				COPY_PHASE_STRIP = NO;
				DEBUG_INFORMATION_FORMAT = "dwarf-with-dsym";
				ENABLE_NS_ASSERTIONS = NO;
				ENABLE_STRICT_OBJC_MSGSEND = YES;
				ENABLE_USER_SCRIPT_SANDBOXING = YES;
				GCC_C_LANGUAGE_STANDARD = gnu17;
				GCC_NO_COMMON_BLOCKS = YES;
				GCC_WARN_64_TO_32_BIT_CONVERSION = YES;
				GCC_WARN_ABOUT_RETURN_TYPE = YES_ERROR;
				GCC_WARN_UNDECLARED_SELECTOR = YES;
				GCC_WARN_UNINITIALIZED_AUTOS = YES_AGGRESSIVE;
				GCC_WARN_UNUSED_FUNCTION = YES;
				GCC_WARN_UNUSED_VARIABLE = YES;
				IPHONEOS_DEPLOYMENT_TARGET = 18.2;
				LOCALIZATION_PREFERS_STRING_CATALOGS = YES;
				MTL_ENABLE_DEBUG_INFO = NO;
				MTL_FAST_MATH = YES;
				SDKROOT = iphoneos;
				SWIFT_COMPILATION_MODE = wholemodule;
				VALIDATE_PRODUCT = YES;
			};
			name = Release;
		};
		E1E6E77C2D95A35700F48C36 /* Debug */ = {
			isa = XCBuildConfiguration;
			buildSettings = {
				ASSETCATALOG_COMPILER_APPICON_NAME = AppIcon;
				ASSETCATALOG_COMPILER_GLOBAL_ACCENT_COLOR_NAME = AccentColor;
				CODE_SIGN_STYLE = Automatic;
				CURRENT_PROJECT_VERSION = 1;
				DEVELOPMENT_ASSET_PATHS = "\"Glancy/Preview Content\"";
				ENABLE_PREVIEWS = YES;
				GENERATE_INFOPLIST_FILE = YES;
				INFOPLIST_KEY_UIApplicationSceneManifest_Generation = YES;
				INFOPLIST_KEY_UIApplicationSupportsIndirectInputEvents = YES;
				INFOPLIST_KEY_UILaunchScreen_Generation = YES;
				INFOPLIST_KEY_UISupportedInterfaceOrientations_iPad = "UIInterfaceOrientationPortrait UIInterfaceOrientationPortraitUpsideDown UIInterfaceOrientationLandscapeLeft UIInterfaceOrientationLandscapeRight";
				INFOPLIST_KEY_UISupportedInterfaceOrientations_iPhone = "UIInterfaceOrientationPortrait UIInterfaceOrientationLandscapeLeft UIInterfaceOrientationLandscapeRight";
				LD_RUNPATH_SEARCH_PATHS = (
					"$(inherited)",
					"@executable_path/Frameworks",
				);
				MARKETING_VERSION = 1.0;
				PRODUCT_BUNDLE_IDENTIFIER = test.Glancy;
				PRODUCT_NAME = "$(TARGET_NAME)";
				SWIFT_EMIT_LOC_STRINGS = YES;
				SWIFT_VERSION = 5.0;
				TARGETED_DEVICE_FAMILY = "1,2";
			};
			name = Debug;
		};
		E1E6E77D2D95A35700F48C36 /* Release */ = {
			isa = XCBuildConfiguration;
			buildSettings = {
				ASSETCATALOG_COMPILER_APPICON_NAME = AppIcon;
				ASSETCATALOG_COMPILER_GLOBAL_ACCENT_COLOR_NAME = AccentColor;
				CODE_SIGN_STYLE = Automatic;
				CURRENT_PROJECT_VERSION = 1;
				DEVELOPMENT_ASSET_PATHS = "\"Glancy/Preview Content\"";
				ENABLE_PREVIEWS = YES;
				GENERATE_INFOPLIST_FILE = YES;
				INFOPLIST_KEY_UIApplicationSceneManifest_Generation = YES;
				INFOPLIST_KEY_UIApplicationSupportsIndirectInputEvents = YES;
				INFOPLIST_KEY_UILaunchScreen_Generation = YES;
				INFOPLIST_KEY_UISupportedInterfaceOrientations_iPad = "UIInterfaceOrientationPortrait UIInterfaceOrientationPortraitUpsideDown UIInterfaceOrientationLandscapeLeft UIInterfaceOrientationLandscapeRight";
				INFOPLIST_KEY_UISupportedInterfaceOrientations_iPhone = "UIInterfaceOrientationPortrait UIInterfaceOrientationLandscapeLeft UIInterfaceOrientationLandscapeRight";
				LD_RUNPATH_SEARCH_PATHS = (
					"$(inherited)",
					"@executable_path/Frameworks",
				);
				MARKETING_VERSION = 1.0;
				PRODUCT_BUNDLE_IDENTIFIER = test.Glancy;
				PRODUCT_NAME = "$(TARGET_NAME)";
				SWIFT_EMIT_LOC_STRINGS = YES;
				SWIFT_VERSION = 5.0;
				TARGETED_DEVICE_FAMILY = "1,2";
			};
			name = Release;
		};
		E1E6E77F2D95A35700F48C36 /* Debug */ = {
			isa = XCBuildConfiguration;
			buildSettings = {
				BUNDLE_LOADER = "$(TEST_HOST)";
				CODE_SIGN_STYLE = Automatic;
				CURRENT_PROJECT_VERSION = 1;
				GENERATE_INFOPLIST_FILE = YES;
				IPHONEOS_DEPLOYMENT_TARGET = 18.2;
				MARKETING_VERSION = 1.0;
				PRODUCT_BUNDLE_IDENTIFIER = test.GlancyTests;
				PRODUCT_NAME = "$(TARGET_NAME)";
				SWIFT_EMIT_LOC_STRINGS = NO;
				SWIFT_VERSION = 5.0;
				TARGETED_DEVICE_FAMILY = "1,2";
				TEST_HOST = "$(BUILT_PRODUCTS_DIR)/Glancy.app/$(BUNDLE_EXECUTABLE_FOLDER_PATH)/Glancy";
			};
			name = Debug;
		};
		E1E6E7802D95A35700F48C36 /* Release */ = {
			isa = XCBuildConfiguration;
			buildSettings = {
				BUNDLE_LOADER = "$(TEST_HOST)";
				CODE_SIGN_STYLE = Automatic;
				CURRENT_PROJECT_VERSION = 1;
				GENERATE_INFOPLIST_FILE = YES;
				IPHONEOS_DEPLOYMENT_TARGET = 18.2;
				MARKETING_VERSION = 1.0;
				PRODUCT_BUNDLE_IDENTIFIER = test.GlancyTests;
				PRODUCT_NAME = "$(TARGET_NAME)";
				SWIFT_EMIT_LOC_STRINGS = NO;
				SWIFT_VERSION = 5.0;
				TARGETED_DEVICE_FAMILY = "1,2";
				TEST_HOST = "$(BUILT_PRODUCTS_DIR)/Glancy.app/$(BUNDLE_EXECUTABLE_FOLDER_PATH)/Glancy";
			};
			name = Release;
		};
		E1E6E7822D95A35700F48C36 /* Debug */ = {
			isa = XCBuildConfiguration;
			buildSettings = {
				CODE_SIGN_STYLE = Automatic;
				CURRENT_PROJECT_VERSION = 1;
				GENERATE_INFOPLIST_FILE = YES;
				MARKETING_VERSION = 1.0;
				PRODUCT_BUNDLE_IDENTIFIER = test.GlancyUITests;
				PRODUCT_NAME = "$(TARGET_NAME)";
				SWIFT_EMIT_LOC_STRINGS = NO;
				SWIFT_VERSION = 5.0;
				TARGETED_DEVICE_FAMILY = "1,2";
				TEST_TARGET_NAME = Glancy;
			};
			name = Debug;
		};
		E1E6E7832D95A35700F48C36 /* Release */ = {
			isa = XCBuildConfiguration;
			buildSettings = {
				CODE_SIGN_STYLE = Automatic;
				CURRENT_PROJECT_VERSION = 1;
				GENERATE_INFOPLIST_FILE = YES;
				MARKETING_VERSION = 1.0;
				PRODUCT_BUNDLE_IDENTIFIER = test.GlancyUITests;
				PRODUCT_NAME = "$(TARGET_NAME)";
				SWIFT_EMIT_LOC_STRINGS = NO;
				SWIFT_VERSION = 5.0;
				TARGETED_DEVICE_FAMILY = "1,2";
				TEST_TARGET_NAME = Glancy;
			};
			name = Release;
		};
/* End XCBuildConfiguration section */

/* Begin XCConfigurationList section */
		E1E6E7522D95A35500F48C36 /* Build configuration list for PBXProject "Glancy" */ = {
			isa = XCConfigurationList;
			buildConfigurations = (
				E1E6E7792D95A35700F48C36 /* Debug */,
				E1E6E77A2D95A35700F48C36 /* Release */,
			);
			defaultConfigurationIsVisible = 0;
			defaultConfigurationName = Release;
		};
		E1E6E77B2D95A35700F48C36 /* Build configuration list for PBXNativeTarget "Glancy" */ = {
			isa = XCConfigurationList;
			buildConfigurations = (
				E1E6E77C2D95A35700F48C36 /* Debug */,
				E1E6E77D2D95A35700F48C36 /* Release */,
			);
			defaultConfigurationIsVisible = 0;
			defaultConfigurationName = Release;
		};
		E1E6E77E2D95A35700F48C36 /* Build configuration list for PBXNativeTarget "GlancyTests" */ = {
			isa = XCConfigurationList;
			buildConfigurations = (
				E1E6E77F2D95A35700F48C36 /* Debug */,
				E1E6E7802D95A35700F48C36 /* Release */,
			);
			defaultConfigurationIsVisible = 0;
			defaultConfigurationName = Release;
		};
		E1E6E7812D95A35700F48C36 /* Build configuration list for PBXNativeTarget "GlancyUITests" */ = {
			isa = XCConfigurationList;
			buildConfigurations = (
				E1E6E7822D95A35700F48C36 /* Debug */,
				E1E6E7832D95A35700F48C36 /* Release */,
			);
			defaultConfigurationIsVisible = 0;
			defaultConfigurationName = Release;
		};
/* End XCConfigurationList section */

/* Begin XCRemoteSwiftPackageReference section */
		E1E6E78C2D95A4D400F48C36 /* XCRemoteSwiftPackageReference "Alamofire" */ = {
			isa = XCRemoteSwiftPackageReference;
			repositoryURL = "https://github.com/Alamofire/Alamofire.git";
			requirement = {
				kind = upToNextMajorVersion;
				minimumVersion = 5.10.2;
			};
		};
		E1E6E79F2D95A6BC00F48C36 /* XCRemoteSwiftPackageReference "realm-swift" */ = {
			isa = XCRemoteSwiftPackageReference;
			repositoryURL = "https://github.com/realm/realm-swift.git";
			requirement = {
				branch = master;
				kind = branch;
			};
		};
		E1E6E7C02D95CBA900F48C36 /* XCRemoteSwiftPackageReference "swift-sdk" */ = {
			isa = XCRemoteSwiftPackageReference;
			repositoryURL = "https://github.com/leancloud/swift-sdk";
			requirement = {
				kind = upToNextMajorVersion;
				minimumVersion = 17.11.0;
			};
		};
/* End XCRemoteSwiftPackageReference section */

/* Begin XCSwiftPackageProductDependency section */
		E1E6E78D2D95A4D400F48C36 /* Alamofire */ = {
			isa = XCSwiftPackageProductDependency;
			package = E1E6E78C2D95A4D400F48C36 /* XCRemoteSwiftPackageReference "Alamofire" */;
			productName = Alamofire;
		};
		E1E6E7A22D95A6BC00F48C36 /* RealmSwift */ = {
			isa = XCSwiftPackageProductDependency;
			package = E1E6E79F2D95A6BC00F48C36 /* XCRemoteSwiftPackageReference "realm-swift" */;
			productName = RealmSwift;
		};
		E1E6E7C12D95CBA900F48C36 /* LeanCloud */ = {
			isa = XCSwiftPackageProductDependency;
			package = E1E6E7C02D95CBA900F48C36 /* XCRemoteSwiftPackageReference "swift-sdk" */;
			productName = LeanCloud;
		};
/* End XCSwiftPackageProductDependency section */
	};
	rootObject = E1E6E74F2D95A35500F48C36 /* Project object */;
}
